
Microsoft Visual Studio Solution File, Format Version 12.00
# Visual Studio Version 17
VisualStudioVersion = 17.14.36127.28 d17.14
MinimumVisualStudioVersion = 10.0.40219.1
Project("{FAE04EC0-301F-11D3-BF4B-00C04F79EFBC}") = "Lr_grafic", "Lr_grafic\Lr_grafic.csproj", "{B60C472B-2164-4E88-B0DE-346D17657610}"
EndProject
Project("{FAE04EC0-301F-11D3-BF4B-00C04F79EFBC}") = "ClassLibrary", "ClassLibrary\ClassLibrary.csproj", "{E6A78E48-559D-4AC1-BE91-A07CBD7843F2}"
EndProject
Global
	GlobalSection(SolutionConfigurationPlatforms) = preSolution
		Debug|Any CPU = Debug|Any CPU
		Release|Any CPU = Release|Any CPU
	EndGlobalSection
	GlobalSection(ProjectConfigurationPlatforms) = postSolution
		{B60C472B-2164-4E88-B0DE-346D17657610}.Debug|Any CPU.ActiveCfg = Debug|Any CPU
		{B60C472B-2164-4E88-B0DE-346D17657610}.Debug|Any CPU.Build.0 = Debug|Any CPU
		{B60C472B-2164-4E88-B0DE-346D17657610}.Release|Any CPU.ActiveCfg = Release|Any CPU
		{B60C472B-2164-4E88-B0DE-346D17657610}.Release|Any CPU.Build.0 = Release|Any CPU
		{E6A78E48-559D-4AC1-BE91-A07CBD7843F2}.Debug|Any CPU.ActiveCfg = Debug|Any CPU
		{E6A78E48-559D-4AC1-BE91-A07CBD7843F2}.Debug|Any CPU.Build.0 = Debug|Any CPU
		{E6A78E48-559D-4AC1-BE91-A07CBD7843F2}.Release|Any CPU.ActiveCfg = Release|Any CPU
		{E6A78E48-559D-4AC1-BE91-A07CBD7843F2}.Release|Any CPU.Build.0 = Release|Any CPU
	EndGlobalSection
	GlobalSection(SolutionProperties) = preSolution
		HideSolutionNode = FALSE
	EndGlobalSection
	GlobalSection(ExtensibilityGlobals) = postSolution
		SolutionGuid = {A6F79E8D-C6CD-4AC5-9CBA-355C381E3655}
	EndGlobalSection
EndGlobal
