
Microsoft Visual Studio Solution File, Format Version 12.00
# Visual Studio Version 17
VisualStudioVersion = 17.13.35818.85 d17.13
MinimumVisualStudioVersion = 10.0.40219.1
Project("{FAE04EC0-301F-11D3-BF4B-00C04F79EFBC}") = "ModelViewMyForms", "ModelViewMyForms.csproj", "{087820A3-0325-47D2-8298-DF9AFCAD974F}"
EndProject
Project("{FAE04EC0-301F-11D3-BF4B-00C04F79EFBC}") = "ModelViewBiblioteka", "..\ModelViewBiblioteka\ModelViewBiblioteka.csproj", "{239F36DC-98A8-4F0C-AEA8-B05945387906}"
EndProject
Global
	GlobalSection(SolutionConfigurationPlatforms) = preSolution
		Debug|Any CPU = Debug|Any CPU
		Release|Any CPU = Release|Any CPU
	EndGlobalSection
	GlobalSection(ProjectConfigurationPlatforms) = postSolution
		{087820A3-0325-47D2-8298-DF9AFCAD974F}.Debug|Any CPU.ActiveCfg = Debug|Any CPU
		{087820A3-0325-47D2-8298-DF9AFCAD974F}.Debug|Any CPU.Build.0 = Debug|Any CPU
		{087820A3-0325-47D2-8298-DF9AFCAD974F}.Release|Any CPU.ActiveCfg = Release|Any CPU
		{087820A3-0325-47D2-8298-DF9AFCAD974F}.Release|Any CPU.Build.0 = Release|Any CPU
		{239F36DC-98A8-4F0C-AEA8-B05945387906}.Debug|Any CPU.ActiveCfg = Debug|Any CPU
		{239F36DC-98A8-4F0C-AEA8-B05945387906}.Debug|Any CPU.Build.0 = Debug|Any CPU
		{239F36DC-98A8-4F0C-AEA8-B05945387906}.Release|Any CPU.ActiveCfg = Release|Any CPU
		{239F36DC-98A8-4F0C-AEA8-B05945387906}.Release|Any CPU.Build.0 = Release|Any CPU
	EndGlobalSection
	GlobalSection(SolutionProperties) = preSolution
		HideSolutionNode = FALSE
	EndGlobalSection
	GlobalSection(ExtensibilityGlobals) = postSolution
		SolutionGuid = {5F70A7C6-C25C-4342-B33E-C708B2C4172D}
	EndGlobalSection
EndGlobal
