
Microsoft Visual Studio Solution File, Format Version 12.00
# Visual Studio Version 17
VisualStudioVersion = 17.13.35825.156 d17.13
MinimumVisualStudioVersion = 10.0.40219.1
Project("{FAE04EC0-301F-11D3-BF4B-00C04F79EFBC}") = "dictionary", "dictionary\dictionary.csproj", "{344A0204-7BE3-48DF-B6F4-35424FF758D0}"
EndProject
Global
	GlobalSection(SolutionConfigurationPlatforms) = preSolution
		Debug|Any CPU = Debug|Any CPU
		Release|Any CPU = Release|Any CPU
	EndGlobalSection
	GlobalSection(ProjectConfigurationPlatforms) = postSolution
		{344A0204-7BE3-48DF-B6F4-35424FF758D0}.Debug|Any CPU.ActiveCfg = Debug|Any CPU
		{344A0204-7BE3-48DF-B6F4-35424FF758D0}.Debug|Any CPU.Build.0 = Debug|Any CPU
		{344A0204-7BE3-48DF-B6F4-35424FF758D0}.Release|Any CPU.ActiveCfg = Release|Any CPU
		{344A0204-7BE3-48DF-B6F4-35424FF758D0}.Release|Any CPU.Build.0 = Release|Any CPU
	EndGlobalSection
	GlobalSection(SolutionProperties) = preSolution
		HideSolutionNode = FALSE
	EndGlobalSection
	GlobalSection(ExtensibilityGlobals) = postSolution
		SolutionGuid = {C48524E1-3252-4A55-9450-FEB22E6788B7}
	EndGlobalSection
EndGlobal
