
Microsoft Visual Studio Solution File, Format Version 12.00
# Visual Studio Version 17
VisualStudioVersion = 17.13.35818.85 d17.13
MinimumVisualStudioVersion = 10.0.40219.1
Project("{FAE04EC0-301F-11D3-BF4B-00C04F79EFBC}") = "class_25_11", "class_25_11\class_25_11.csproj", "{B6D95588-E602-4450-83AB-984B5D9FB133}"
EndProject
Global
	GlobalSection(SolutionConfigurationPlatforms) = preSolution
		Debug|Any CPU = Debug|Any CPU
		Release|Any CPU = Release|Any CPU
	EndGlobalSection
	GlobalSection(ProjectConfigurationPlatforms) = postSolution
		{B6D95588-E602-4450-83AB-984B5D9FB133}.Debug|Any CPU.ActiveCfg = Debug|Any CPU
		{B6D95588-E602-4450-83AB-984B5D9FB133}.Debug|Any CPU.Build.0 = Debug|Any CPU
		{B6D95588-E602-4450-83AB-984B5D9FB133}.Release|Any CPU.ActiveCfg = Release|Any CPU
		{B6D95588-E602-4450-83AB-984B5D9FB133}.Release|Any CPU.Build.0 = Release|Any CPU
	EndGlobalSection
	GlobalSection(SolutionProperties) = preSolution
		HideSolutionNode = FALSE
	EndGlobalSection
	GlobalSection(ExtensibilityGlobals) = postSolution
		SolutionGuid = {611BEEC6-CA1A-486A-BB7D-6C0E6CB76791}
	EndGlobalSection
EndGlobal
